
Microsoft Visual Studio Solution File, Format Version 12.00
# Visual Studio Version 17
VisualStudioVersion = 17.5.002.0
MinimumVisualStudioVersion = 10.0.40219.1
Project("{2150E333-8FDC-42A3-9474-1A3956D46DE8}") = "dotnet", "dotnet", "{07EE225D-284A-45B1-8D34-ED54AFE6D460}"
EndProject
Project("{9A19103F-16F7-4668-BE54-9A1E7A4F7556}") = "OrderProcessorService", "dotnet\OrderProcessorService\OrderProcessorService.csproj", "{0F56BD68-6264-45AE-A8A6-B2A3E907ABF3}"
EndProject
Global
	GlobalSection(SolutionConfigurationPlatforms) = preSolution
		Debug|Any CPU = Debug|Any CPU
		Release|Any CPU = Release|Any CPU
	EndGlobalSection
	GlobalSection(ProjectConfigurationPlatforms) = postSolution
		{0F56BD68-6264-45AE-A8A6-B2A3E907ABF3}.Debug|Any CPU.ActiveCfg = Debug|Any CPU
		{0F56BD68-6264-45AE-A8A6-B2A3E907ABF3}.Debug|Any CPU.Build.0 = Debug|Any CPU
		{0F56BD68-6264-45AE-A8A6-B2A3E907ABF3}.Release|Any CPU.ActiveCfg = Release|Any CPU
		{0F56BD68-6264-45AE-A8A6-B2A3E907ABF3}.Release|Any CPU.Build.0 = Release|Any CPU
	EndGlobalSection
	GlobalSection(SolutionProperties) = preSolution
		HideSolutionNode = FALSE
	EndGlobalSection
	GlobalSection(NestedProjects) = preSolution
		{0F56BD68-6264-45AE-A8A6-B2A3E907ABF3} = {07EE225D-284A-45B1-8D34-ED54AFE6D460}
	EndGlobalSection
	GlobalSection(ExtensibilityGlobals) = postSolution
		SolutionGuid = {F2D270C9-DD91-46FB-AB69-4912EEF258E3}
	EndGlobalSection
EndGlobal
